// !$*UTF8*$!
{
	archiveVersion = 1;
	classes = {
	};
	objectVersion = 56;
	objects = {

/* Begin PBXBuildFile section */
		B4030D072C135A9100F78D4F /* AddExpenseViewController.swift in Sources */ = {isa = PBXBuildFile; fileRef = B4030D062C135A9100F78D4F /* AddExpenseViewController.swift */; };
		B42157DC2C12ECB600DBA503 /* Expenses.swift in Sources */ = {isa = PBXBuildFile; fileRef = B42157DB2C12ECB600DBA503 /* Expenses.swift */; };
		B46057502BE2A98E00A777FD /* AppDelegate.swift in Sources */ = {isa = PBXBuildFile; fileRef = B460574F2BE2A98E00A777FD /* AppDelegate.swift */; };
		B46057522BE2A98E00A777FD /* SceneDelegate.swift in Sources */ = {isa = PBXBuildFile; fileRef = B46057512BE2A98E00A777FD /* SceneDelegate.swift */; };
		B46057542BE2A98E00A777FD /* ViewController.swift in Sources */ = {isa = PBXBuildFile; fileRef = B46057532BE2A98E00A777FD /* ViewController.swift */; };
		B46057572BE2A98E00A777FD /* Main.storyboard in Resources */ = {isa = PBXBuildFile; fileRef = B46057552BE2A98E00A777FD /* Main.storyboard */; };
		B46057592BE2A98F00A777FD /* Assets.xcassets in Resources */ = {isa = PBXBuildFile; fileRef = B46057582BE2A98F00A777FD /* Assets.xcassets */; };
		B460575C2BE2A98F00A777FD /* LaunchScreen.storyboard in Resources */ = {isa = PBXBuildFile; fileRef = B460575A2BE2A98F00A777FD /* LaunchScreen.storyboard */; };
		B46057642BE2B81400A777FD /* TripViewController.swift in Sources */ = {isa = PBXBuildFile; fileRef = B46057632BE2B81400A777FD /* TripViewController.swift */; };
		B46057662BE2B82400A777FD /* DocumentViewController.swift in Sources */ = {isa = PBXBuildFile; fileRef = B46057652BE2B82400A777FD /* DocumentViewController.swift */; };
		B46057682BE2B82E00A777FD /* ExpensesViewController.swift in Sources */ = {isa = PBXBuildFile; fileRef = B46057672BE2B82E00A777FD /* ExpensesViewController.swift */; };
		B460576A2BE2B83900A777FD /* SocialsViewController.swift in Sources */ = {isa = PBXBuildFile; fileRef = B46057692BE2B83900A777FD /* SocialsViewController.swift */; };
		B4E8DDBA2BE33A8200930861 /* FirebaseAuth in Frameworks */ = {isa = PBXBuildFile; productRef = B4E8DDB92BE33A8200930861 /* FirebaseAuth */; };
		B4E8DDBC2BE33A8200930861 /* FirebaseFirestore in Frameworks */ = {isa = PBXBuildFile; productRef = B4E8DDBB2BE33A8200930861 /* FirebaseFirestore */; };
		B4E8DDBE2BE33A8200930861 /* FirebaseFirestoreSwift in Frameworks */ = {isa = PBXBuildFile; productRef = B4E8DDBD2BE33A8200930861 /* FirebaseFirestoreSwift */; };
		B4EEDE4A2C12CDF20015C6FD /* DatabaseProtocol.swift in Sources */ = {isa = PBXBuildFile; fileRef = B4EEDE492C12CDF20015C6FD /* DatabaseProtocol.swift */; };
		B4F5AC872BEC6E82004ADB32 /* Trip.swift in Sources */ = {isa = PBXBuildFile; fileRef = B4F5AC862BEC6E82004ADB32 /* Trip.swift */; };
		B4F5AC892BEC7852004ADB32 /* FirebaseController.swift in Sources */ = {isa = PBXBuildFile; fileRef = B4F5AC882BEC7852004ADB32 /* FirebaseController.swift */; };
		B4F5AC8B2BEE152F004ADB32 /* GoogleService-Info.plist in Resources */ = {isa = PBXBuildFile; fileRef = B4F5AC8A2BEE152F004ADB32 /* GoogleService-Info.plist */; };
		B4F5AC8E2BEE4433004ADB32 /* MulticastDelegate.swift in Sources */ = {isa = PBXBuildFile; fileRef = B4F5AC8D2BEE4433004ADB32 /* MulticastDelegate.swift */; };
/* End PBXBuildFile section */

/* Begin PBXFileReference section */
		B4030D062C135A9100F78D4F /* AddExpenseViewController.swift */ = {isa = PBXFileReference; lastKnownFileType = sourcecode.swift; path = AddExpenseViewController.swift; sourceTree = "<group>"; };
		B42157DB2C12ECB600DBA503 /* Expenses.swift */ = {isa = PBXFileReference; lastKnownFileType = sourcecode.swift; path = Expenses.swift; sourceTree = "<group>"; };
		B460574C2BE2A98E00A777FD /* Roamly.app */ = {isa = PBXFileReference; explicitFileType = wrapper.application; includeInIndex = 0; path = Roamly.app; sourceTree = BUILT_PRODUCTS_DIR; };
		B460574F2BE2A98E00A777FD /* AppDelegate.swift */ = {isa = PBXFileReference; lastKnownFileType = sourcecode.swift; path = AppDelegate.swift; sourceTree = "<group>"; };
		B46057512BE2A98E00A777FD /* SceneDelegate.swift */ = {isa = PBXFileReference; lastKnownFileType = sourcecode.swift; path = SceneDelegate.swift; sourceTree = "<group>"; };
		B46057532BE2A98E00A777FD /* ViewController.swift */ = {isa = PBXFileReference; lastKnownFileType = sourcecode.swift; path = ViewController.swift; sourceTree = "<group>"; };
		B46057562BE2A98E00A777FD /* Base */ = {isa = PBXFileReference; lastKnownFileType = file.storyboard; name = Base; path = Base.lproj/Main.storyboard; sourceTree = "<group>"; };
		B46057582BE2A98F00A777FD /* Assets.xcassets */ = {isa = PBXFileReference; lastKnownFileType = folder.assetcatalog; path = Assets.xcassets; sourceTree = "<group>"; };
		B460575B2BE2A98F00A777FD /* Base */ = {isa = PBXFileReference; lastKnownFileType = file.storyboard; name = Base; path = Base.lproj/LaunchScreen.storyboard; sourceTree = "<group>"; };
		B460575D2BE2A98F00A777FD /* Info.plist */ = {isa = PBXFileReference; lastKnownFileType = text.plist.xml; path = Info.plist; sourceTree = "<group>"; };
		B46057632BE2B81400A777FD /* TripViewController.swift */ = {isa = PBXFileReference; lastKnownFileType = sourcecode.swift; path = TripViewController.swift; sourceTree = "<group>"; };
		B46057652BE2B82400A777FD /* DocumentViewController.swift */ = {isa = PBXFileReference; lastKnownFileType = sourcecode.swift; path = DocumentViewController.swift; sourceTree = "<group>"; };
		B46057672BE2B82E00A777FD /* ExpensesViewController.swift */ = {isa = PBXFileReference; lastKnownFileType = sourcecode.swift; path = ExpensesViewController.swift; sourceTree = "<group>"; };
		B46057692BE2B83900A777FD /* SocialsViewController.swift */ = {isa = PBXFileReference; lastKnownFileType = sourcecode.swift; path = SocialsViewController.swift; sourceTree = "<group>"; };
		B4EEDE492C12CDF20015C6FD /* DatabaseProtocol.swift */ = {isa = PBXFileReference; lastKnownFileType = sourcecode.swift; path = DatabaseProtocol.swift; sourceTree = "<group>"; };
		B4F5AC862BEC6E82004ADB32 /* Trip.swift */ = {isa = PBXFileReference; lastKnownFileType = sourcecode.swift; name = Trip.swift; path = ../../Trip.swift; sourceTree = "<group>"; };
		B4F5AC882BEC7852004ADB32 /* FirebaseController.swift */ = {isa = PBXFileReference; lastKnownFileType = sourcecode.swift; path = FirebaseController.swift; sourceTree = "<group>"; };
		B4F5AC8A2BEE152F004ADB32 /* GoogleService-Info.plist */ = {isa = PBXFileReference; lastKnownFileType = text.plist; path = "GoogleService-Info.plist"; sourceTree = SOURCE_ROOT; };
		B4F5AC8D2BEE4433004ADB32 /* MulticastDelegate.swift */ = {isa = PBXFileReference; fileEncoding = 4; lastKnownFileType = sourcecode.swift; path = MulticastDelegate.swift; sourceTree = SOURCE_ROOT; };
/* End PBXFileReference section */

/* Begin PBXFrameworksBuildPhase section */
		B46057492BE2A98E00A777FD /* Frameworks */ = {
			isa = PBXFrameworksBuildPhase;
			buildActionMask = 2147483647;
			files = (
				B4E8DDBA2BE33A8200930861 /* FirebaseAuth in Frameworks */,
				B4E8DDBC2BE33A8200930861 /* FirebaseFirestore in Frameworks */,
				B4E8DDBE2BE33A8200930861 /* FirebaseFirestoreSwift in Frameworks */,
			);
			runOnlyForDeploymentPostprocessing = 0;
		};
/* End PBXFrameworksBuildPhase section */

/* Begin PBXGroup section */
		B46057432BE2A98E00A777FD = {
			isa = PBXGroup;
			children = (
				B460574E2BE2A98E00A777FD /* Roamly */,
				B460574D2BE2A98E00A777FD /* Products */,
			);
			sourceTree = "<group>";
		};
		B460574D2BE2A98E00A777FD /* Products */ = {
			isa = PBXGroup;
			children = (
				B460574C2BE2A98E00A777FD /* Roamly.app */,
			);
			name = Products;
			sourceTree = "<group>";
		};
		B460574E2BE2A98E00A777FD /* Roamly */ = {
			isa = PBXGroup;
			children = (
				B460574F2BE2A98E00A777FD /* AppDelegate.swift */,
				B46057512BE2A98E00A777FD /* SceneDelegate.swift */,
				B46057532BE2A98E00A777FD /* ViewController.swift */,
				B46057552BE2A98E00A777FD /* Main.storyboard */,
				B46057582BE2A98F00A777FD /* Assets.xcassets */,
				B460575A2BE2A98F00A777FD /* LaunchScreen.storyboard */,
				B460575D2BE2A98F00A777FD /* Info.plist */,
				B4F5AC8D2BEE4433004ADB32 /* MulticastDelegate.swift */,
				B4F5AC8A2BEE152F004ADB32 /* GoogleService-Info.plist */,
				B46057632BE2B81400A777FD /* TripViewController.swift */,
				B46057672BE2B82E00A777FD /* ExpensesViewController.swift */,
				B46057692BE2B83900A777FD /* SocialsViewController.swift */,
				B46057652BE2B82400A777FD /* DocumentViewController.swift */,
				B4F5AC862BEC6E82004ADB32 /* Trip.swift */,
				B4F5AC882BEC7852004ADB32 /* FirebaseController.swift */,
				B4EEDE492C12CDF20015C6FD /* DatabaseProtocol.swift */,
				B42157DB2C12ECB600DBA503 /* Expenses.swift */,
				B4030D062C135A9100F78D4F /* AddExpenseViewController.swift */,
			);
			path = Roamly;
			sourceTree = "<group>";
		};
/* End PBXGroup section */

/* Begin PBXNativeTarget section */
		B460574B2BE2A98E00A777FD /* Roamly */ = {
			isa = PBXNativeTarget;
			buildConfigurationList = B46057602BE2A98F00A777FD /* Build configuration list for PBXNativeTarget "Roamly" */;
			buildPhases = (
				B46057482BE2A98E00A777FD /* Sources */,
				B46057492BE2A98E00A777FD /* Frameworks */,
				B460574A2BE2A98E00A777FD /* Resources */,
			);
			buildRules = (
			);
			dependencies = (
			);
			name = Roamly;
			packageProductDependencies = (
				B4E8DDB92BE33A8200930861 /* FirebaseAuth */,
				B4E8DDBB2BE33A8200930861 /* FirebaseFirestore */,
				B4E8DDBD2BE33A8200930861 /* FirebaseFirestoreSwift */,
			);
			productName = Roamly;
			productReference = B460574C2BE2A98E00A777FD /* Roamly.app */;
			productType = "com.apple.product-type.application";
		};
/* End PBXNativeTarget section */

/* Begin PBXProject section */
		B46057442BE2A98E00A777FD /* Project object */ = {
			isa = PBXProject;
			attributes = {
				BuildIndependentTargetsInParallel = 1;
				LastSwiftUpdateCheck = 1430;
				LastUpgradeCheck = 1430;
				TargetAttributes = {
					B460574B2BE2A98E00A777FD = {
						CreatedOnToolsVersion = 14.3.1;
					};
				};
			};
			buildConfigurationList = B46057472BE2A98E00A777FD /* Build configuration list for PBXProject "Roamly" */;
			compatibilityVersion = "Xcode 14.0";
			developmentRegion = en;
			hasScannedForEncodings = 0;
			knownRegions = (
				en,
				Base,
			);
			mainGroup = B46057432BE2A98E00A777FD;
			packageReferences = (
				B4E8DDB82BE33A8200930861 /* XCRemoteSwiftPackageReference "firebase-ios-sdk" */,
			);
			productRefGroup = B460574D2BE2A98E00A777FD /* Products */;
			projectDirPath = "";
			projectRoot = "";
			targets = (
				B460574B2BE2A98E00A777FD /* Roamly */,
			);
		};
/* End PBXProject section */

/* Begin PBXResourcesBuildPhase section */
		B460574A2BE2A98E00A777FD /* Resources */ = {
			isa = PBXResourcesBuildPhase;
			buildActionMask = 2147483647;
			files = (
				B460575C2BE2A98F00A777FD /* LaunchScreen.storyboard in Resources */,
				B4F5AC8B2BEE152F004ADB32 /* GoogleService-Info.plist in Resources */,
				B46057592BE2A98F00A777FD /* Assets.xcassets in Resources */,
				B46057572BE2A98E00A777FD /* Main.storyboard in Resources */,
			);
			runOnlyForDeploymentPostprocessing = 0;
		};
/* End PBXResourcesBuildPhase section */

/* Begin PBXSourcesBuildPhase section */
		B46057482BE2A98E00A777FD /* Sources */ = {
			isa = PBXSourcesBuildPhase;
			buildActionMask = 2147483647;
			files = (
				B42157DC2C12ECB600DBA503 /* Expenses.swift in Sources */,
				B4F5AC892BEC7852004ADB32 /* FirebaseController.swift in Sources */,
				B46057662BE2B82400A777FD /* DocumentViewController.swift in Sources */,
				B46057542BE2A98E00A777FD /* ViewController.swift in Sources */,
				B46057642BE2B81400A777FD /* TripViewController.swift in Sources */,
				B46057502BE2A98E00A777FD /* AppDelegate.swift in Sources */,
				B4EEDE4A2C12CDF20015C6FD /* DatabaseProtocol.swift in Sources */,
				B4F5AC872BEC6E82004ADB32 /* Trip.swift in Sources */,
				B460576A2BE2B83900A777FD /* SocialsViewController.swift in Sources */,
				B4F5AC8E2BEE4433004ADB32 /* MulticastDelegate.swift in Sources */,
				B46057522BE2A98E00A777FD /* SceneDelegate.swift in Sources */,
				B46057682BE2B82E00A777FD /* ExpensesViewController.swift in Sources */,
				B4030D072C135A9100F78D4F /* AddExpenseViewController.swift in Sources */,
			);
			runOnlyForDeploymentPostprocessing = 0;
		};
/* End PBXSourcesBuildPhase section */

/* Begin PBXVariantGroup section */
		B46057552BE2A98E00A777FD /* Main.storyboard */ = {
			isa = PBXVariantGroup;
			children = (
				B46057562BE2A98E00A777FD /* Base */,
			);
			name = Main.storyboard;
			sourceTree = "<group>";
		};
		B460575A2BE2A98F00A777FD /* LaunchScreen.storyboard */ = {
			isa = PBXVariantGroup;
			children = (
				B460575B2BE2A98F00A777FD /* Base */,
			);
			name = LaunchScreen.storyboard;
			sourceTree = "<group>";
		};
/* End PBXVariantGroup section */

/* Begin XCBuildConfiguration section */
		B460575E2BE2A98F00A777FD /* Debug */ = {
			isa = XCBuildConfiguration;
			buildSettings = {
				ALWAYS_SEARCH_USER_PATHS = NO;
				CLANG_ANALYZER_NONNULL = YES;
				CLANG_ANALYZER_NUMBER_OBJECT_CONVERSION = YES_AGGRESSIVE;
				CLANG_CXX_LANGUAGE_STANDARD = "gnu++20";
				CLANG_ENABLE_MODULES = YES;
				CLANG_ENABLE_OBJC_ARC = YES;
				CLANG_ENABLE_OBJC_WEAK = YES;
				CLANG_WARN_BLOCK_CAPTURE_AUTORELEASING = YES;
				CLANG_WARN_BOOL_CONVERSION = YES;
				CLANG_WARN_COMMA = YES;
				CLANG_WARN_CONSTANT_CONVERSION = YES;
				CLANG_WARN_DEPRECATED_OBJC_IMPLEMENTATIONS = YES;
				CLANG_WARN_DIRECT_OBJC_ISA_USAGE = YES_ERROR;
				CLANG_WARN_DOCUMENTATION_COMMENTS = YES;
				CLANG_WARN_EMPTY_BODY = YES;
				CLANG_WARN_ENUM_CONVERSION = YES;
				CLANG_WARN_INFINITE_RECURSION = YES;
				CLANG_WARN_INT_CONVERSION = YES;
				CLANG_WARN_NON_LITERAL_NULL_CONVERSION = YES;
				CLANG_WARN_OBJC_IMPLICIT_RETAIN_SELF = YES;
				CLANG_WARN_OBJC_LITERAL_CONVERSION = YES;
				CLANG_WARN_OBJC_ROOT_CLASS = YES_ERROR;
				CLANG_WARN_QUOTED_INCLUDE_IN_FRAMEWORK_HEADER = YES;
				CLANG_WARN_RANGE_LOOP_ANALYSIS = YES;
				CLANG_WARN_STRICT_PROTOTYPES = YES;
				CLANG_WARN_SUSPICIOUS_MOVE = YES;
				CLANG_WARN_UNGUARDED_AVAILABILITY = YES_AGGRESSIVE;
				CLANG_WARN_UNREACHABLE_CODE = YES;
				CLANG_WARN__DUPLICATE_METHOD_MATCH = YES;
				COPY_PHASE_STRIP = NO;
				DEBUG_INFORMATION_FORMAT = dwarf;
				ENABLE_STRICT_OBJC_MSGSEND = YES;
				ENABLE_TESTABILITY = YES;
				GCC_C_LANGUAGE_STANDARD = gnu11;
				GCC_DYNAMIC_NO_PIC = NO;
				GCC_NO_COMMON_BLOCKS = YES;
				GCC_OPTIMIZATION_LEVEL = 0;
				GCC_PREPROCESSOR_DEFINITIONS = (
					"DEBUG=1",
					"$(inherited)",
				);
				GCC_WARN_64_TO_32_BIT_CONVERSION = YES;
				GCC_WARN_ABOUT_RETURN_TYPE = YES_ERROR;
				GCC_WARN_UNDECLARED_SELECTOR = YES;
				GCC_WARN_UNINITIALIZED_AUTOS = YES_AGGRESSIVE;
				GCC_WARN_UNUSED_FUNCTION = YES;
				GCC_WARN_UNUSED_VARIABLE = YES;
				IPHONEOS_DEPLOYMENT_TARGET = 16.4;
				MTL_ENABLE_DEBUG_INFO = INCLUDE_SOURCE;
				MTL_FAST_MATH = YES;
				ONLY_ACTIVE_ARCH = YES;
				SDKROOT = iphoneos;
				SWIFT_ACTIVE_COMPILATION_CONDITIONS = DEBUG;
				SWIFT_OPTIMIZATION_LEVEL = "-Onone";
			};
			name = Debug;
		};
		B460575F2BE2A98F00A777FD /* Release */ = {
			isa = XCBuildConfiguration;
			buildSettings = {
				ALWAYS_SEARCH_USER_PATHS = NO;
				CLANG_ANALYZER_NONNULL = YES;
				CLANG_ANALYZER_NUMBER_OBJECT_CONVERSION = YES_AGGRESSIVE;
				CLANG_CXX_LANGUAGE_STANDARD = "gnu++20";
				CLANG_ENABLE_MODULES = YES;
				CLANG_ENABLE_OBJC_ARC = YES;
				CLANG_ENABLE_OBJC_WEAK = YES;
				CLANG_WARN_BLOCK_CAPTURE_AUTORELEASING = YES;
				CLANG_WARN_BOOL_CONVERSION = YES;
				CLANG_WARN_COMMA = YES;
				CLANG_WARN_CONSTANT_CONVERSION = YES;
				CLANG_WARN_DEPRECATED_OBJC_IMPLEMENTATIONS = YES;
				CLANG_WARN_DIRECT_OBJC_ISA_USAGE = YES_ERROR;
				CLANG_WARN_DOCUMENTATION_COMMENTS = YES;
				CLANG_WARN_EMPTY_BODY = YES;
				CLANG_WARN_ENUM_CONVERSION = YES;
				CLANG_WARN_INFINITE_RECURSION = YES;
				CLANG_WARN_INT_CONVERSION = YES;
				CLANG_WARN_NON_LITERAL_NULL_CONVERSION = YES;
				CLANG_WARN_OBJC_IMPLICIT_RETAIN_SELF = YES;
				CLANG_WARN_OBJC_LITERAL_CONVERSION = YES;
				CLANG_WARN_OBJC_ROOT_CLASS = YES_ERROR;
				CLANG_WARN_QUOTED_INCLUDE_IN_FRAMEWORK_HEADER = YES;
				CLANG_WARN_RANGE_LOOP_ANALYSIS = YES;
				CLANG_WARN_STRICT_PROTOTYPES = YES;
				CLANG_WARN_SUSPICIOUS_MOVE = YES;
				CLANG_WARN_UNGUARDED_AVAILABILITY = YES_AGGRESSIVE;
				CLANG_WARN_UNREACHABLE_CODE = YES;
				CLANG_WARN__DUPLICATE_METHOD_MATCH = YES;
				COPY_PHASE_STRIP = NO;
				DEBUG_INFORMATION_FORMAT = "dwarf-with-dsym";
				ENABLE_NS_ASSERTIONS = NO;
				ENABLE_STRICT_OBJC_MSGSEND = YES;
				GCC_C_LANGUAGE_STANDARD = gnu11;
				GCC_NO_COMMON_BLOCKS = YES;
				GCC_WARN_64_TO_32_BIT_CONVERSION = YES;
				GCC_WARN_ABOUT_RETURN_TYPE = YES_ERROR;
				GCC_WARN_UNDECLARED_SELECTOR = YES;
				GCC_WARN_UNINITIALIZED_AUTOS = YES_AGGRESSIVE;
				GCC_WARN_UNUSED_FUNCTION = YES;
				GCC_WARN_UNUSED_VARIABLE = YES;
				IPHONEOS_DEPLOYMENT_TARGET = 16.4;
				MTL_ENABLE_DEBUG_INFO = NO;
				MTL_FAST_MATH = YES;
				SDKROOT = iphoneos;
				SWIFT_COMPILATION_MODE = wholemodule;
				SWIFT_OPTIMIZATION_LEVEL = "-O";
				VALIDATE_PRODUCT = YES;
			};
			name = Release;
		};
		B46057612BE2A98F00A777FD /* Debug */ = {
			isa = XCBuildConfiguration;
			buildSettings = {
				ASSETCATALOG_COMPILER_APPICON_NAME = AppIcon;
				ASSETCATALOG_COMPILER_GLOBAL_ACCENT_COLOR_NAME = AccentColor;
				CODE_SIGN_STYLE = Automatic;
				CURRENT_PROJECT_VERSION = 1;
				DEVELOPMENT_TEAM = 5Z6T3B53Z8;
				GENERATE_INFOPLIST_FILE = YES;
				INFOPLIST_FILE = Roamly/Info.plist;
				INFOPLIST_KEY_UIApplicationSupportsIndirectInputEvents = YES;
				INFOPLIST_KEY_UILaunchStoryboardName = LaunchScreen;
				INFOPLIST_KEY_UIMainStoryboardFile = Main;
				INFOPLIST_KEY_UISupportedInterfaceOrientations_iPad = "UIInterfaceOrientationPortrait UIInterfaceOrientationPortraitUpsideDown UIInterfaceOrientationLandscapeLeft UIInterfaceOrientationLandscapeRight";
				INFOPLIST_KEY_UISupportedInterfaceOrientations_iPhone = "UIInterfaceOrientationPortrait UIInterfaceOrientationLandscapeLeft UIInterfaceOrientationLandscapeRight";
				LD_RUNPATH_SEARCH_PATHS = (
					"$(inherited)",
					"@executable_path/Frameworks",
				);
				MARKETING_VERSION = 1.0;
				PRODUCT_BUNDLE_IDENTIFIER = edu.monash.Roamly;
				PRODUCT_NAME = "$(TARGET_NAME)";
				SWIFT_EMIT_LOC_STRINGS = YES;
				SWIFT_VERSION = 5.0;
				TARGETED_DEVICE_FAMILY = "1,2";
			};
			name = Debug;
		};
		B46057622BE2A98F00A777FD /* Release */ = {
			isa = XCBuildConfiguration;
			buildSettings = {
				ASSETCATALOG_COMPILER_APPICON_NAME = AppIcon;
				ASSETCATALOG_COMPILER_GLOBAL_ACCENT_COLOR_NAME = AccentColor;
				CODE_SIGN_STYLE = Automatic;
				CURRENT_PROJECT_VERSION = 1;
				DEVELOPMENT_TEAM = 5Z6T3B53Z8;
				GENERATE_INFOPLIST_FILE = YES;
				INFOPLIST_FILE = Roamly/Info.plist;
				INFOPLIST_KEY_UIApplicationSupportsIndirectInputEvents = YES;
				INFOPLIST_KEY_UILaunchStoryboardName = LaunchScreen;
				INFOPLIST_KEY_UIMainStoryboardFile = Main;
				INFOPLIST_KEY_UISupportedInterfaceOrientations_iPad = "UIInterfaceOrientationPortrait UIInterfaceOrientationPortraitUpsideDown UIInterfaceOrientationLandscapeLeft UIInterfaceOrientationLandscapeRight";
				INFOPLIST_KEY_UISupportedInterfaceOrientations_iPhone = "UIInterfaceOrientationPortrait UIInterfaceOrientationLandscapeLeft UIInterfaceOrientationLandscapeRight";
				LD_RUNPATH_SEARCH_PATHS = (
					"$(inherited)",
					"@executable_path/Frameworks",
				);
				MARKETING_VERSION = 1.0;
				PRODUCT_BUNDLE_IDENTIFIER = edu.monash.Roamly;
				PRODUCT_NAME = "$(TARGET_NAME)";
				SWIFT_EMIT_LOC_STRINGS = YES;
				SWIFT_VERSION = 5.0;
				TARGETED_DEVICE_FAMILY = "1,2";
			};
			name = Release;
		};
/* End XCBuildConfiguration section */

/* Begin XCConfigurationList section */
		B46057472BE2A98E00A777FD /* Build configuration list for PBXProject "Roamly" */ = {
			isa = XCConfigurationList;
			buildConfigurations = (
				B460575E2BE2A98F00A777FD /* Debug */,
				B460575F2BE2A98F00A777FD /* Release */,
			);
			defaultConfigurationIsVisible = 0;
			defaultConfigurationName = Release;
		};
		B46057602BE2A98F00A777FD /* Build configuration list for PBXNativeTarget "Roamly" */ = {
			isa = XCConfigurationList;
			buildConfigurations = (
				B46057612BE2A98F00A777FD /* Debug */,
				B46057622BE2A98F00A777FD /* Release */,
			);
			defaultConfigurationIsVisible = 0;
			defaultConfigurationName = Release;
		};
/* End XCConfigurationList section */

/* Begin XCRemoteSwiftPackageReference section */
		B4E8DDB82BE33A8200930861 /* XCRemoteSwiftPackageReference "firebase-ios-sdk" */ = {
			isa = XCRemoteSwiftPackageReference;
			repositoryURL = "https://github.com/firebase/firebase-ios-sdk.git";
			requirement = {
				kind = upToNextMajorVersion;
				minimumVersion = 10.0.0;
			};
		};
/* End XCRemoteSwiftPackageReference section */

/* Begin XCSwiftPackageProductDependency section */
		B4E8DDB92BE33A8200930861 /* FirebaseAuth */ = {
			isa = XCSwiftPackageProductDependency;
			package = B4E8DDB82BE33A8200930861 /* XCRemoteSwiftPackageReference "firebase-ios-sdk" */;
			productName = FirebaseAuth;
		};
		B4E8DDBB2BE33A8200930861 /* FirebaseFirestore */ = {
			isa = XCSwiftPackageProductDependency;
			package = B4E8DDB82BE33A8200930861 /* XCRemoteSwiftPackageReference "firebase-ios-sdk" */;
			productName = FirebaseFirestore;
		};
		B4E8DDBD2BE33A8200930861 /* FirebaseFirestoreSwift */ = {
			isa = XCSwiftPackageProductDependency;
			package = B4E8DDB82BE33A8200930861 /* XCRemoteSwiftPackageReference "firebase-ios-sdk" */;
			productName = FirebaseFirestoreSwift;
		};
/* End XCSwiftPackageProductDependency section */
	};
	rootObject = B46057442BE2A98E00A777FD /* Project object */;
}
